
Microsoft Visual Studio Solution File, Format Version 12.00
Project("{FAE04EC0-301F-11D3-BF4B-00C04F79EFBC}") = "PayForMeBot", "PayForMeBot\PayForMeBot.csproj", "{A08D46F9-B968-4D39-AC61-422129E791C9}"
EndProject
Global
	GlobalSection(SolutionConfigurationPlatforms) = preSolution
		Debug|Any CPU = Debug|Any CPU
		Release|Any CPU = Release|Any CPU
	EndGlobalSection
	GlobalSection(ProjectConfigurationPlatforms) = postSolution
		{A08D46F9-B968-4D39-AC61-422129E791C9}.Debug|Any CPU.ActiveCfg = Debug|Any CPU
		{A08D46F9-B968-4D39-AC61-422129E791C9}.Debug|Any CPU.Build.0 = Debug|Any CPU
		{A08D46F9-B968-4D39-AC61-422129E791C9}.Release|Any CPU.ActiveCfg = Release|Any CPU
		{A08D46F9-B968-4D39-AC61-422129E791C9}.Release|Any CPU.Build.0 = Release|Any CPU
	EndGlobalSection
EndGlobal
